
Microsoft Visual Studio Solution File, Format Version 12.00
# Visual Studio 15
VisualStudioVersion = 15.0.27703.2047
MinimumVisualStudioVersion = 10.0.40219.1
Project("{FAE04EC0-301F-11D3-BF4B-00C04F79EFBC}") = "Phoneword.Android", "Phoneword\Phoneword.Android\Phoneword.Android.csproj", "{B9E1D0F5-B4E2-478C-810D-3F58BC4DE2CB}"
EndProject
Project("{FAE04EC0-301F-11D3-BF4B-00C04F79EFBC}") = "Phoneword.iOS", "Phoneword\Phoneword.iOS\Phoneword.iOS.csproj", "{A08B204F-3AF3-4868-923E-B974BCDF5A63}"
EndProject
Project("{FAE04EC0-301F-11D3-BF4B-00C04F79EFBC}") = "Phoneword.UWP", "Phoneword\Phoneword.UWP\Phoneword.UWP.csproj", "{70487128-73E1-4E22-BBF3-51C824501462}"
EndProject
Project("{D954291E-2A0B-460D-934E-DC6B0785DB48}") = "Phoneword", "Phoneword\Phoneword\Phoneword.shproj", "{359204CE-9CFA-443E-8857-AE90EE91BAC5}"
EndProject
Global
	GlobalSection(SharedMSBuildProjectFiles) = preSolution
		Phoneword\Phoneword\Phoneword.projitems*{359204ce-9cfa-443e-8857-ae90ee91bac5}*SharedItemsImports = 13
		Phoneword\Phoneword\Phoneword.projitems*{70487128-73e1-4e22-bbf3-51c824501462}*SharedItemsImports = 4
		Phoneword\Phoneword\Phoneword.projitems*{a08b204f-3af3-4868-923e-b974bcdf5a63}*SharedItemsImports = 4
		Phoneword\Phoneword\Phoneword.projitems*{b9e1d0f5-b4e2-478c-810d-3f58bc4de2cb}*SharedItemsImports = 4
	EndGlobalSection
	GlobalSection(SolutionConfigurationPlatforms) = preSolution
		Ad-Hoc|Any CPU = Ad-Hoc|Any CPU
		Ad-Hoc|ARM = Ad-Hoc|ARM
		Ad-Hoc|iPhone = Ad-Hoc|iPhone
		Ad-Hoc|iPhoneSimulator = Ad-Hoc|iPhoneSimulator
		Ad-Hoc|x64 = Ad-Hoc|x64
		Ad-Hoc|x86 = Ad-Hoc|x86
		AppStore|Any CPU = AppStore|Any CPU
		AppStore|ARM = AppStore|ARM
		AppStore|iPhone = AppStore|iPhone
		AppStore|iPhoneSimulator = AppStore|iPhoneSimulator
		AppStore|x64 = AppStore|x64
		AppStore|x86 = AppStore|x86
		Debug|Any CPU = Debug|Any CPU
		Debug|ARM = Debug|ARM
		Debug|iPhone = Debug|iPhone
		Debug|iPhoneSimulator = Debug|iPhoneSimulator
		Debug|x64 = Debug|x64
		Debug|x86 = Debug|x86
		Release|Any CPU = Release|Any CPU
		Release|ARM = Release|ARM
		Release|iPhone = Release|iPhone
		Release|iPhoneSimulator = Release|iPhoneSimulator
		Release|x64 = Release|x64
		Release|x86 = Release|x86
	EndGlobalSection
	GlobalSection(ProjectConfigurationPlatforms) = postSolution
		{B9E1D0F5-B4E2-478C-810D-3F58BC4DE2CB}.Ad-Hoc|Any CPU.ActiveCfg = Release|Any CPU
		{B9E1D0F5-B4E2-478C-810D-3F58BC4DE2CB}.Ad-Hoc|Any CPU.Build.0 = Release|Any CPU
		{B9E1D0F5-B4E2-478C-810D-3F58BC4DE2CB}.Ad-Hoc|Any CPU.Deploy.0 = Release|Any CPU
		{B9E1D0F5-B4E2-478C-810D-3F58BC4DE2CB}.Ad-Hoc|ARM.ActiveCfg = Release|Any CPU
		{B9E1D0F5-B4E2-478C-810D-3F58BC4DE2CB}.Ad-Hoc|ARM.Build.0 = Release|Any CPU
		{B9E1D0F5-B4E2-478C-810D-3F58BC4DE2CB}.Ad-Hoc|ARM.Deploy.0 = Release|Any CPU
		{B9E1D0F5-B4E2-478C-810D-3F58BC4DE2CB}.Ad-Hoc|iPhone.ActiveCfg = Release|Any CPU
		{B9E1D0F5-B4E2-478C-810D-3F58BC4DE2CB}.Ad-Hoc|iPhone.Build.0 = Release|Any CPU
		{B9E1D0F5-B4E2-478C-810D-3F58BC4DE2CB}.Ad-Hoc|iPhone.Deploy.0 = Release|Any CPU
		{B9E1D0F5-B4E2-478C-810D-3F58BC4DE2CB}.Ad-Hoc|iPhoneSimulator.ActiveCfg = Release|Any CPU
		{B9E1D0F5-B4E2-478C-810D-3F58BC4DE2CB}.Ad-Hoc|iPhoneSimulator.Build.0 = Release|Any CPU
		{B9E1D0F5-B4E2-478C-810D-3F58BC4DE2CB}.Ad-Hoc|iPhoneSimulator.Deploy.0 = Release|Any CPU
		{B9E1D0F5-B4E2-478C-810D-3F58BC4DE2CB}.Ad-Hoc|x64.ActiveCfg = Release|Any CPU
		{B9E1D0F5-B4E2-478C-810D-3F58BC4DE2CB}.Ad-Hoc|x64.Build.0 = Release|Any CPU
		{B9E1D0F5-B4E2-478C-810D-3F58BC4DE2CB}.Ad-Hoc|x64.Deploy.0 = Release|Any CPU
		{B9E1D0F5-B4E2-478C-810D-3F58BC4DE2CB}.Ad-Hoc|x86.ActiveCfg = Release|Any CPU
		{B9E1D0F5-B4E2-478C-810D-3F58BC4DE2CB}.Ad-Hoc|x86.Build.0 = Release|Any CPU
		{B9E1D0F5-B4E2-478C-810D-3F58BC4DE2CB}.Ad-Hoc|x86.Deploy.0 = Release|Any CPU
		{B9E1D0F5-B4E2-478C-810D-3F58BC4DE2CB}.AppStore|Any CPU.ActiveCfg = Release|Any CPU
		{B9E1D0F5-B4E2-478C-810D-3F58BC4DE2CB}.AppStore|Any CPU.Build.0 = Release|Any CPU
		{B9E1D0F5-B4E2-478C-810D-3F58BC4DE2CB}.AppStore|Any CPU.Deploy.0 = Release|Any CPU
		{B9E1D0F5-B4E2-478C-810D-3F58BC4DE2CB}.AppStore|ARM.ActiveCfg = Release|Any CPU
		{B9E1D0F5-B4E2-478C-810D-3F58BC4DE2CB}.AppStore|ARM.Build.0 = Release|Any CPU
		{B9E1D0F5-B4E2-478C-810D-3F58BC4DE2CB}.AppStore|ARM.Deploy.0 = Release|Any CPU
		{B9E1D0F5-B4E2-478C-810D-3F58BC4DE2CB}.AppStore|iPhone.ActiveCfg = Release|Any CPU
		{B9E1D0F5-B4E2-478C-810D-3F58BC4DE2CB}.AppStore|iPhone.Build.0 = Release|Any CPU
		{B9E1D0F5-B4E2-478C-810D-3F58BC4DE2CB}.AppStore|iPhone.Deploy.0 = Release|Any CPU
		{B9E1D0F5-B4E2-478C-810D-3F58BC4DE2CB}.AppStore|iPhoneSimulator.ActiveCfg = Release|Any CPU
		{B9E1D0F5-B4E2-478C-810D-3F58BC4DE2CB}.AppStore|iPhoneSimulator.Build.0 = Release|Any CPU
		{B9E1D0F5-B4E2-478C-810D-3F58BC4DE2CB}.AppStore|iPhoneSimulator.Deploy.0 = Release|Any CPU
		{B9E1D0F5-B4E2-478C-810D-3F58BC4DE2CB}.AppStore|x64.ActiveCfg = Release|Any CPU
		{B9E1D0F5-B4E2-478C-810D-3F58BC4DE2CB}.AppStore|x64.Build.0 = Release|Any CPU
		{B9E1D0F5-B4E2-478C-810D-3F58BC4DE2CB}.AppStore|x64.Deploy.0 = Release|Any CPU
		{B9E1D0F5-B4E2-478C-810D-3F58BC4DE2CB}.AppStore|x86.ActiveCfg = Release|Any CPU
		{B9E1D0F5-B4E2-478C-810D-3F58BC4DE2CB}.AppStore|x86.Build.0 = Release|Any CPU
		{B9E1D0F5-B4E2-478C-810D-3F58BC4DE2CB}.AppStore|x86.Deploy.0 = Release|Any CPU
		{B9E1D0F5-B4E2-478C-810D-3F58BC4DE2CB}.Debug|Any CPU.ActiveCfg = Debug|Any CPU
		{B9E1D0F5-B4E2-478C-810D-3F58BC4DE2CB}.Debug|Any CPU.Build.0 = Debug|Any CPU
		{B9E1D0F5-B4E2-478C-810D-3F58BC4DE2CB}.Debug|Any CPU.Deploy.0 = Debug|Any CPU
		{B9E1D0F5-B4E2-478C-810D-3F58BC4DE2CB}.Debug|ARM.ActiveCfg = Debug|Any CPU
		{B9E1D0F5-B4E2-478C-810D-3F58BC4DE2CB}.Debug|ARM.Build.0 = Debug|Any CPU
		{B9E1D0F5-B4E2-478C-810D-3F58BC4DE2CB}.Debug|ARM.Deploy.0 = Debug|Any CPU
		{B9E1D0F5-B4E2-478C-810D-3F58BC4DE2CB}.Debug|iPhone.ActiveCfg = Debug|Any CPU
		{B9E1D0F5-B4E2-478C-810D-3F58BC4DE2CB}.Debug|iPhone.Build.0 = Debug|Any CPU
		{B9E1D0F5-B4E2-478C-810D-3F58BC4DE2CB}.Debug|iPhone.Deploy.0 = Debug|Any CPU
		{B9E1D0F5-B4E2-478C-810D-3F58BC4DE2CB}.Debug|iPhoneSimulator.ActiveCfg = Debug|Any CPU
		{B9E1D0F5-B4E2-478C-810D-3F58BC4DE2CB}.Debug|iPhoneSimulator.Build.0 = Debug|Any CPU
		{B9E1D0F5-B4E2-478C-810D-3F58BC4DE2CB}.Debug|iPhoneSimulator.Deploy.0 = Debug|Any CPU
		{B9E1D0F5-B4E2-478C-810D-3F58BC4DE2CB}.Debug|x64.ActiveCfg = Debug|Any CPU
		{B9E1D0F5-B4E2-478C-810D-3F58BC4DE2CB}.Debug|x64.Build.0 = Debug|Any CPU
		{B9E1D0F5-B4E2-478C-810D-3F58BC4DE2CB}.Debug|x64.Deploy.0 = Debug|Any CPU
		{B9E1D0F5-B4E2-478C-810D-3F58BC4DE2CB}.Debug|x86.ActiveCfg = Debug|Any CPU
		{B9E1D0F5-B4E2-478C-810D-3F58BC4DE2CB}.Debug|x86.Build.0 = Debug|Any CPU
		{B9E1D0F5-B4E2-478C-810D-3F58BC4DE2CB}.Debug|x86.Deploy.0 = Debug|Any CPU
		{B9E1D0F5-B4E2-478C-810D-3F58BC4DE2CB}.Release|Any CPU.ActiveCfg = Release|Any CPU
		{B9E1D0F5-B4E2-478C-810D-3F58BC4DE2CB}.Release|Any CPU.Build.0 = Release|Any CPU
		{B9E1D0F5-B4E2-478C-810D-3F58BC4DE2CB}.Release|Any CPU.Deploy.0 = Release|Any CPU
		{B9E1D0F5-B4E2-478C-810D-3F58BC4DE2CB}.Release|ARM.ActiveCfg = Release|Any CPU
		{B9E1D0F5-B4E2-478C-810D-3F58BC4DE2CB}.Release|ARM.Build.0 = Release|Any CPU
		{B9E1D0F5-B4E2-478C-810D-3F58BC4DE2CB}.Release|ARM.Deploy.0 = Release|Any CPU
		{B9E1D0F5-B4E2-478C-810D-3F58BC4DE2CB}.Release|iPhone.ActiveCfg = Release|Any CPU
		{B9E1D0F5-B4E2-478C-810D-3F58BC4DE2CB}.Release|iPhone.Build.0 = Release|Any CPU
		{B9E1D0F5-B4E2-478C-810D-3F58BC4DE2CB}.Release|iPhone.Deploy.0 = Release|Any CPU
		{B9E1D0F5-B4E2-478C-810D-3F58BC4DE2CB}.Release|iPhoneSimulator.ActiveCfg = Release|Any CPU
		{B9E1D0F5-B4E2-478C-810D-3F58BC4DE2CB}.Release|iPhoneSimulator.Build.0 = Release|Any CPU
		{B9E1D0F5-B4E2-478C-810D-3F58BC4DE2CB}.Release|iPhoneSimulator.Deploy.0 = Release|Any CPU
		{B9E1D0F5-B4E2-478C-810D-3F58BC4DE2CB}.Release|x64.ActiveCfg = Release|Any CPU
		{B9E1D0F5-B4E2-478C-810D-3F58BC4DE2CB}.Release|x64.Build.0 = Release|Any CPU
		{B9E1D0F5-B4E2-478C-810D-3F58BC4DE2CB}.Release|x64.Deploy.0 = Release|Any CPU
		{B9E1D0F5-B4E2-478C-810D-3F58BC4DE2CB}.Release|x86.ActiveCfg = Release|Any CPU
		{B9E1D0F5-B4E2-478C-810D-3F58BC4DE2CB}.Release|x86.Build.0 = Release|Any CPU
		{B9E1D0F5-B4E2-478C-810D-3F58BC4DE2CB}.Release|x86.Deploy.0 = Release|Any CPU
		{A08B204F-3AF3-4868-923E-B974BCDF5A63}.Ad-Hoc|Any CPU.ActiveCfg = Ad-Hoc|iPhone
		{A08B204F-3AF3-4868-923E-B974BCDF5A63}.Ad-Hoc|Any CPU.Build.0 = Ad-Hoc|iPhone
		{A08B204F-3AF3-4868-923E-B974BCDF5A63}.Ad-Hoc|Any CPU.Deploy.0 = Ad-Hoc|iPhone
		{A08B204F-3AF3-4868-923E-B974BCDF5A63}.Ad-Hoc|ARM.ActiveCfg = Ad-Hoc|iPhone
		{A08B204F-3AF3-4868-923E-B974BCDF5A63}.Ad-Hoc|ARM.Build.0 = Ad-Hoc|iPhone
		{A08B204F-3AF3-4868-923E-B974BCDF5A63}.Ad-Hoc|ARM.Deploy.0 = Ad-Hoc|iPhone
		{A08B204F-3AF3-4868-923E-B974BCDF5A63}.Ad-Hoc|iPhone.ActiveCfg = Ad-Hoc|iPhone
		{A08B204F-3AF3-4868-923E-B974BCDF5A63}.Ad-Hoc|iPhone.Build.0 = Ad-Hoc|iPhone
		{A08B204F-3AF3-4868-923E-B974BCDF5A63}.Ad-Hoc|iPhone.Deploy.0 = Ad-Hoc|iPhone
		{A08B204F-3AF3-4868-923E-B974BCDF5A63}.Ad-Hoc|iPhoneSimulator.ActiveCfg = Ad-Hoc|iPhoneSimulator
		{A08B204F-3AF3-4868-923E-B974BCDF5A63}.Ad-Hoc|iPhoneSimulator.Build.0 = Ad-Hoc|iPhoneSimulator
		{A08B204F-3AF3-4868-923E-B974BCDF5A63}.Ad-Hoc|iPhoneSimulator.Deploy.0 = Ad-Hoc|iPhoneSimulator
		{A08B204F-3AF3-4868-923E-B974BCDF5A63}.Ad-Hoc|x64.ActiveCfg = Ad-Hoc|iPhone
		{A08B204F-3AF3-4868-923E-B974BCDF5A63}.Ad-Hoc|x64.Build.0 = Ad-Hoc|iPhone
		{A08B204F-3AF3-4868-923E-B974BCDF5A63}.Ad-Hoc|x64.Deploy.0 = Ad-Hoc|iPhone
		{A08B204F-3AF3-4868-923E-B974BCDF5A63}.Ad-Hoc|x86.ActiveCfg = Ad-Hoc|iPhone
		{A08B204F-3AF3-4868-923E-B974BCDF5A63}.Ad-Hoc|x86.Build.0 = Ad-Hoc|iPhone
		{A08B204F-3AF3-4868-923E-B974BCDF5A63}.Ad-Hoc|x86.Deploy.0 = Ad-Hoc|iPhone
		{A08B204F-3AF3-4868-923E-B974BCDF5A63}.AppStore|Any CPU.ActiveCfg = AppStore|iPhone
		{A08B204F-3AF3-4868-923E-B974BCDF5A63}.AppStore|Any CPU.Build.0 = AppStore|iPhone
		{A08B204F-3AF3-4868-923E-B974BCDF5A63}.AppStore|Any CPU.Deploy.0 = AppStore|iPhone
		{A08B204F-3AF3-4868-923E-B974BCDF5A63}.AppStore|ARM.ActiveCfg = AppStore|iPhone
		{A08B204F-3AF3-4868-923E-B974BCDF5A63}.AppStore|ARM.Build.0 = AppStore|iPhone
		{A08B204F-3AF3-4868-923E-B974BCDF5A63}.AppStore|ARM.Deploy.0 = AppStore|iPhone
		{A08B204F-3AF3-4868-923E-B974BCDF5A63}.AppStore|iPhone.ActiveCfg = AppStore|iPhone
		{A08B204F-3AF3-4868-923E-B974BCDF5A63}.AppStore|iPhone.Build.0 = AppStore|iPhone
		{A08B204F-3AF3-4868-923E-B974BCDF5A63}.AppStore|iPhone.Deploy.0 = AppStore|iPhone
		{A08B204F-3AF3-4868-923E-B974BCDF5A63}.AppStore|iPhoneSimulator.ActiveCfg = AppStore|iPhoneSimulator
		{A08B204F-3AF3-4868-923E-B974BCDF5A63}.AppStore|iPhoneSimulator.Build.0 = AppStore|iPhoneSimulator
		{A08B204F-3AF3-4868-923E-B974BCDF5A63}.AppStore|iPhoneSimulator.Deploy.0 = AppStore|iPhoneSimulator
		{A08B204F-3AF3-4868-923E-B974BCDF5A63}.AppStore|x64.ActiveCfg = AppStore|iPhone
		{A08B204F-3AF3-4868-923E-B974BCDF5A63}.AppStore|x64.Build.0 = AppStore|iPhone
		{A08B204F-3AF3-4868-923E-B974BCDF5A63}.AppStore|x64.Deploy.0 = AppStore|iPhone
		{A08B204F-3AF3-4868-923E-B974BCDF5A63}.AppStore|x86.ActiveCfg = AppStore|iPhone
		{A08B204F-3AF3-4868-923E-B974BCDF5A63}.AppStore|x86.Build.0 = AppStore|iPhone
		{A08B204F-3AF3-4868-923E-B974BCDF5A63}.AppStore|x86.Deploy.0 = AppStore|iPhone
		{A08B204F-3AF3-4868-923E-B974BCDF5A63}.Debug|Any CPU.ActiveCfg = Debug|iPhoneSimulator
		{A08B204F-3AF3-4868-923E-B974BCDF5A63}.Debug|Any CPU.Build.0 = Debug|iPhoneSimulator
		{A08B204F-3AF3-4868-923E-B974BCDF5A63}.Debug|Any CPU.Deploy.0 = Debug|iPhoneSimulator
		{A08B204F-3AF3-4868-923E-B974BCDF5A63}.Debug|ARM.ActiveCfg = Debug|iPhone
		{A08B204F-3AF3-4868-923E-B974BCDF5A63}.Debug|ARM.Build.0 = Debug|iPhone
		{A08B204F-3AF3-4868-923E-B974BCDF5A63}.Debug|ARM.Deploy.0 = Debug|iPhone
		{A08B204F-3AF3-4868-923E-B974BCDF5A63}.Debug|iPhone.ActiveCfg = Debug|iPhone
		{A08B204F-3AF3-4868-923E-B974BCDF5A63}.Debug|iPhone.Build.0 = Debug|iPhone
		{A08B204F-3AF3-4868-923E-B974BCDF5A63}.Debug|iPhone.Deploy.0 = Debug|iPhone
		{A08B204F-3AF3-4868-923E-B974BCDF5A63}.Debug|iPhoneSimulator.ActiveCfg = Debug|iPhoneSimulator
		{A08B204F-3AF3-4868-923E-B974BCDF5A63}.Debug|iPhoneSimulator.Build.0 = Debug|iPhoneSimulator
		{A08B204F-3AF3-4868-923E-B974BCDF5A63}.Debug|iPhoneSimulator.Deploy.0 = Debug|iPhoneSimulator
		{A08B204F-3AF3-4868-923E-B974BCDF5A63}.Debug|x64.ActiveCfg = Debug|iPhone
		{A08B204F-3AF3-4868-923E-B974BCDF5A63}.Debug|x64.Build.0 = Debug|iPhone
		{A08B204F-3AF3-4868-923E-B974BCDF5A63}.Debug|x64.Deploy.0 = Debug|iPhone
		{A08B204F-3AF3-4868-923E-B974BCDF5A63}.Debug|x86.ActiveCfg = Debug|iPhone
		{A08B204F-3AF3-4868-923E-B974BCDF5A63}.Debug|x86.Build.0 = Debug|iPhone
		{A08B204F-3AF3-4868-923E-B974BCDF5A63}.Debug|x86.Deploy.0 = Debug|iPhone
		{A08B204F-3AF3-4868-923E-B974BCDF5A63}.Release|Any CPU.ActiveCfg = Release|iPhone
		{A08B204F-3AF3-4868-923E-B974BCDF5A63}.Release|Any CPU.Build.0 = Release|iPhone
		{A08B204F-3AF3-4868-923E-B974BCDF5A63}.Release|Any CPU.Deploy.0 = Release|iPhone
		{A08B204F-3AF3-4868-923E-B974BCDF5A63}.Release|ARM.ActiveCfg = Release|iPhone
		{A08B204F-3AF3-4868-923E-B974BCDF5A63}.Release|ARM.Build.0 = Release|iPhone
		{A08B204F-3AF3-4868-923E-B974BCDF5A63}.Release|ARM.Deploy.0 = Release|iPhone
		{A08B204F-3AF3-4868-923E-B974BCDF5A63}.Release|iPhone.ActiveCfg = Release|iPhone
		{A08B204F-3AF3-4868-923E-B974BCDF5A63}.Release|iPhone.Build.0 = Release|iPhone
		{A08B204F-3AF3-4868-923E-B974BCDF5A63}.Release|iPhone.Deploy.0 = Release|iPhone
		{A08B204F-3AF3-4868-923E-B974BCDF5A63}.Release|iPhoneSimulator.ActiveCfg = Release|iPhoneSimulator
		{A08B204F-3AF3-4868-923E-B974BCDF5A63}.Release|iPhoneSimulator.Build.0 = Release|iPhoneSimulator
		{A08B204F-3AF3-4868-923E-B974BCDF5A63}.Release|iPhoneSimulator.Deploy.0 = Release|iPhoneSimulator
		{A08B204F-3AF3-4868-923E-B974BCDF5A63}.Release|x64.ActiveCfg = Release|iPhone
		{A08B204F-3AF3-4868-923E-B974BCDF5A63}.Release|x64.Build.0 = Release|iPhone
		{A08B204F-3AF3-4868-923E-B974BCDF5A63}.Release|x64.Deploy.0 = Release|iPhone
		{A08B204F-3AF3-4868-923E-B974BCDF5A63}.Release|x86.ActiveCfg = Release|iPhone
		{A08B204F-3AF3-4868-923E-B974BCDF5A63}.Release|x86.Build.0 = Release|iPhone
		{A08B204F-3AF3-4868-923E-B974BCDF5A63}.Release|x86.Deploy.0 = Release|iPhone
		{70487128-73E1-4E22-BBF3-51C824501462}.Ad-Hoc|Any CPU.ActiveCfg = Release|x86
		{70487128-73E1-4E22-BBF3-51C824501462}.Ad-Hoc|Any CPU.Build.0 = Release|x86
		{70487128-73E1-4E22-BBF3-51C824501462}.Ad-Hoc|Any CPU.Deploy.0 = Release|x86
		{70487128-73E1-4E22-BBF3-51C824501462}.Ad-Hoc|ARM.ActiveCfg = Release|ARM
		{70487128-73E1-4E22-BBF3-51C824501462}.Ad-Hoc|ARM.Build.0 = Release|ARM
		{70487128-73E1-4E22-BBF3-51C824501462}.Ad-Hoc|ARM.Deploy.0 = Release|ARM
		{70487128-73E1-4E22-BBF3-51C824501462}.Ad-Hoc|iPhone.ActiveCfg = Release|x86
		{70487128-73E1-4E22-BBF3-51C824501462}.Ad-Hoc|iPhone.Build.0 = Release|x86
		{70487128-73E1-4E22-BBF3-51C824501462}.Ad-Hoc|iPhone.Deploy.0 = Release|x86
		{70487128-73E1-4E22-BBF3-51C824501462}.Ad-Hoc|iPhoneSimulator.ActiveCfg = Release|x86
		{70487128-73E1-4E22-BBF3-51C824501462}.Ad-Hoc|iPhoneSimulator.Build.0 = Release|x86
		{70487128-73E1-4E22-BBF3-51C824501462}.Ad-Hoc|iPhoneSimulator.Deploy.0 = Release|x86
		{70487128-73E1-4E22-BBF3-51C824501462}.Ad-Hoc|x64.ActiveCfg = Release|x64
		{70487128-73E1-4E22-BBF3-51C824501462}.Ad-Hoc|x64.Build.0 = Release|x64
		{70487128-73E1-4E22-BBF3-51C824501462}.Ad-Hoc|x64.Deploy.0 = Release|x64
		{70487128-73E1-4E22-BBF3-51C824501462}.Ad-Hoc|x86.ActiveCfg = Release|x86
		{70487128-73E1-4E22-BBF3-51C824501462}.Ad-Hoc|x86.Build.0 = Release|x86
		{70487128-73E1-4E22-BBF3-51C824501462}.Ad-Hoc|x86.Deploy.0 = Release|x86
		{70487128-73E1-4E22-BBF3-51C824501462}.AppStore|Any CPU.ActiveCfg = Release|x86
		{70487128-73E1-4E22-BBF3-51C824501462}.AppStore|Any CPU.Build.0 = Release|x86
		{70487128-73E1-4E22-BBF3-51C824501462}.AppStore|Any CPU.Deploy.0 = Release|x86
		{70487128-73E1-4E22-BBF3-51C824501462}.AppStore|ARM.ActiveCfg = Release|ARM
		{70487128-73E1-4E22-BBF3-51C824501462}.AppStore|ARM.Build.0 = Release|ARM
		{70487128-73E1-4E22-BBF3-51C824501462}.AppStore|ARM.Deploy.0 = Release|ARM
		{70487128-73E1-4E22-BBF3-51C824501462}.AppStore|iPhone.ActiveCfg = Release|x86
		{70487128-73E1-4E22-BBF3-51C824501462}.AppStore|iPhone.Build.0 = Release|x86
		{70487128-73E1-4E22-BBF3-51C824501462}.AppStore|iPhone.Deploy.0 = Release|x86
		{70487128-73E1-4E22-BBF3-51C824501462}.AppStore|iPhoneSimulator.ActiveCfg = Release|x86
		{70487128-73E1-4E22-BBF3-51C824501462}.AppStore|iPhoneSimulator.Build.0 = Release|x86
		{70487128-73E1-4E22-BBF3-51C824501462}.AppStore|iPhoneSimulator.Deploy.0 = Release|x86
		{70487128-73E1-4E22-BBF3-51C824501462}.AppStore|x64.ActiveCfg = Release|x64
		{70487128-73E1-4E22-BBF3-51C824501462}.AppStore|x64.Build.0 = Release|x64
		{70487128-73E1-4E22-BBF3-51C824501462}.AppStore|x64.Deploy.0 = Release|x64
		{70487128-73E1-4E22-BBF3-51C824501462}.AppStore|x86.ActiveCfg = Release|x86
		{70487128-73E1-4E22-BBF3-51C824501462}.AppStore|x86.Build.0 = Release|x86
		{70487128-73E1-4E22-BBF3-51C824501462}.AppStore|x86.Deploy.0 = Release|x86
		{70487128-73E1-4E22-BBF3-51C824501462}.Debug|Any CPU.ActiveCfg = Debug|x86
		{70487128-73E1-4E22-BBF3-51C824501462}.Debug|Any CPU.Build.0 = Debug|x86
		{70487128-73E1-4E22-BBF3-51C824501462}.Debug|Any CPU.Deploy.0 = Debug|x86
		{70487128-73E1-4E22-BBF3-51C824501462}.Debug|ARM.ActiveCfg = Debug|ARM
		{70487128-73E1-4E22-BBF3-51C824501462}.Debug|ARM.Build.0 = Debug|ARM
		{70487128-73E1-4E22-BBF3-51C824501462}.Debug|ARM.Deploy.0 = Debug|ARM
		{70487128-73E1-4E22-BBF3-51C824501462}.Debug|iPhone.ActiveCfg = Debug|x86
		{70487128-73E1-4E22-BBF3-51C824501462}.Debug|iPhone.Build.0 = Debug|x86
		{70487128-73E1-4E22-BBF3-51C824501462}.Debug|iPhone.Deploy.0 = Debug|x86
		{70487128-73E1-4E22-BBF3-51C824501462}.Debug|iPhoneSimulator.ActiveCfg = Debug|x86
		{70487128-73E1-4E22-BBF3-51C824501462}.Debug|iPhoneSimulator.Build.0 = Debug|x86
		{70487128-73E1-4E22-BBF3-51C824501462}.Debug|iPhoneSimulator.Deploy.0 = Debug|x86
		{70487128-73E1-4E22-BBF3-51C824501462}.Debug|x64.ActiveCfg = Debug|x64
		{70487128-73E1-4E22-BBF3-51C824501462}.Debug|x64.Build.0 = Debug|x64
		{70487128-73E1-4E22-BBF3-51C824501462}.Debug|x64.Deploy.0 = Debug|x64
		{70487128-73E1-4E22-BBF3-51C824501462}.Debug|x86.ActiveCfg = Debug|x86
		{70487128-73E1-4E22-BBF3-51C824501462}.Debug|x86.Build.0 = Debug|x86
		{70487128-73E1-4E22-BBF3-51C824501462}.Debug|x86.Deploy.0 = Debug|x86
		{70487128-73E1-4E22-BBF3-51C824501462}.Release|Any CPU.ActiveCfg = Release|x86
		{70487128-73E1-4E22-BBF3-51C824501462}.Release|Any CPU.Build.0 = Release|x86
		{70487128-73E1-4E22-BBF3-51C824501462}.Release|Any CPU.Deploy.0 = Release|x86
		{70487128-73E1-4E22-BBF3-51C824501462}.Release|ARM.ActiveCfg = Release|ARM
		{70487128-73E1-4E22-BBF3-51C824501462}.Release|ARM.Build.0 = Release|ARM
		{70487128-73E1-4E22-BBF3-51C824501462}.Release|ARM.Deploy.0 = Release|ARM
		{70487128-73E1-4E22-BBF3-51C824501462}.Release|iPhone.ActiveCfg = Release|x86
		{70487128-73E1-4E22-BBF3-51C824501462}.Release|iPhone.Build.0 = Release|x86
		{70487128-73E1-4E22-BBF3-51C824501462}.Release|iPhone.Deploy.0 = Release|x86
		{70487128-73E1-4E22-BBF3-51C824501462}.Release|iPhoneSimulator.ActiveCfg = Release|x86
		{70487128-73E1-4E22-BBF3-51C824501462}.Release|iPhoneSimulator.Build.0 = Release|x86
		{70487128-73E1-4E22-BBF3-51C824501462}.Release|iPhoneSimulator.Deploy.0 = Release|x86
		{70487128-73E1-4E22-BBF3-51C824501462}.Release|x64.ActiveCfg = Release|x64
		{70487128-73E1-4E22-BBF3-51C824501462}.Release|x64.Build.0 = Release|x64
		{70487128-73E1-4E22-BBF3-51C824501462}.Release|x64.Deploy.0 = Release|x64
		{70487128-73E1-4E22-BBF3-51C824501462}.Release|x86.ActiveCfg = Release|x86
		{70487128-73E1-4E22-BBF3-51C824501462}.Release|x86.Build.0 = Release|x86
		{70487128-73E1-4E22-BBF3-51C824501462}.Release|x86.Deploy.0 = Release|x86
	EndGlobalSection
	GlobalSection(SolutionProperties) = preSolution
		HideSolutionNode = FALSE
	EndGlobalSection
	GlobalSection(ExtensibilityGlobals) = postSolution
		SolutionGuid = {327019BE-E884-4513-AF61-B298383A61AB}
	EndGlobalSection
EndGlobal
